// !$*UTF8*$!
{
	archiveVersion = 1;
	classes = {
	};
	objectVersion = 55;
	objects = {

/* Begin PBXBuildFile section */
		22385BAA288BF9D9005C5B5A /* AppEnvironment.swift in Sources */ = {isa = PBXBuildFile; fileRef = 22385BA9288BF9D9005C5B5A /* AppEnvironment.swift */; };
		22385BAC288D847A005C5B5A /* Sounds.swift in Sources */ = {isa = PBXBuildFile; fileRef = 22385BAB288D847A005C5B5A /* Sounds.swift */; };
		22385BB6288DB90E005C5B5A /* banana_up.mp3 in Resources */ = {isa = PBXBuildFile; fileRef = 22385BAF288DB90E005C5B5A /* banana_up.mp3 */; };
		22385BB7288DB90E005C5B5A /* unlock.mp3 in Resources */ = {isa = PBXBuildFile; fileRef = 22385BB0288DB90E005C5B5A /* unlock.mp3 */; };
		22385BB8288DB90E005C5B5A /* select_a_button.mp3 in Resources */ = {isa = PBXBuildFile; fileRef = 22385BB1288DB90E005C5B5A /* select_a_button.mp3 */; };
		22385BB9288DB90E005C5B5A /* screen_swipe.mp3 in Resources */ = {isa = PBXBuildFile; fileRef = 22385BB2288DB90E005C5B5A /* screen_swipe.mp3 */; };
		22385BBA288DB90E005C5B5A /* success_button.mp3 in Resources */ = {isa = PBXBuildFile; fileRef = 22385BB3288DB90E005C5B5A /* success_button.mp3 */; };
		22385BBB288DB90E005C5B5A /* banana_down.mp3 in Resources */ = {isa = PBXBuildFile; fileRef = 22385BB4288DB90E005C5B5A /* banana_down.mp3 */; };
		22385BBC288DB90E005C5B5A /* game_win.mp3 in Resources */ = {isa = PBXBuildFile; fileRef = 22385BB5288DB90E005C5B5A /* game_win.mp3 */; };
		223BEB59284D58100053E5A8 /* GreatApeGame.xcdatamodeld in Sources */ = {isa = PBXBuildFile; fileRef = 223BEB46284D580D0053E5A8 /* GreatApeGame.xcdatamodeld */; };
		223BEB5B284D58100053E5A8 /* GreatApeGameApp.swift in Sources */ = {isa = PBXBuildFile; fileRef = 223BEB48284D580D0053E5A8 /* GreatApeGameApp.swift */; };
		223BEB5D284D58100053E5A8 /* ContentView.swift in Sources */ = {isa = PBXBuildFile; fileRef = 223BEB49284D580D0053E5A8 /* ContentView.swift */; };
		223BEB5F284D58100053E5A8 /* Persistence.swift in Sources */ = {isa = PBXBuildFile; fileRef = 223BEB4A284D580D0053E5A8 /* Persistence.swift */; };
		223BEB61284D58100053E5A8 /* Assets.xcassets in Resources */ = {isa = PBXBuildFile; fileRef = 223BEB4B284D58100053E5A8 /* Assets.xcassets */; };
		223BEB72284D5AB20053E5A8 /* ScoreView.swift in Sources */ = {isa = PBXBuildFile; fileRef = 223BEB6B284D5AB20053E5A8 /* ScoreView.swift */; };
		223BEB74284D5AB20053E5A8 /* GeometryExtensions.swift in Sources */ = {isa = PBXBuildFile; fileRef = 223BEB6C284D5AB20053E5A8 /* GeometryExtensions.swift */; };
		223BEB76284D5AB20053E5A8 /* ReadyScreen.swift in Sources */ = {isa = PBXBuildFile; fileRef = 223BEB6D284D5AB20053E5A8 /* ReadyScreen.swift */; };
		223BEB78284D5AB20053E5A8 /* MainView.swift in Sources */ = {isa = PBXBuildFile; fileRef = 223BEB6E284D5AB20053E5A8 /* MainView.swift */; };
		223BEB7A284D5AB20053E5A8 /* Scoreboard.swift in Sources */ = {isa = PBXBuildFile; fileRef = 223BEB6F284D5AB20053E5A8 /* Scoreboard.swift */; };
		223BEB7C284D5AB20053E5A8 /* HelperViews.swift in Sources */ = {isa = PBXBuildFile; fileRef = 223BEB70284D5AB20053E5A8 /* HelperViews.swift */; };
		223BEB7E284D5AB20053E5A8 /* PlayScreen.swift in Sources */ = {isa = PBXBuildFile; fileRef = 223BEB71284D5AB20053E5A8 /* PlayScreen.swift */; };
		223BEB83284D5B0B0053E5A8 /* Menu.swift in Sources */ = {isa = PBXBuildFile; fileRef = 223BEB80284D5B0B0053E5A8 /* Menu.swift */; };
		223BEB84284D5B0B0053E5A8 /* Models.swift in Sources */ = {isa = PBXBuildFile; fileRef = 223BEB81284D5B0B0053E5A8 /* Models.swift */; };
		223BEB85284D5B0B0053E5A8 /* Store.swift in Sources */ = {isa = PBXBuildFile; fileRef = 223BEB82284D5B0B0053E5A8 /* Store.swift */; };
		223F15D2288771AB00333701 /* AyumuPrepared.mp4 in Resources */ = {isa = PBXBuildFile; fileRef = 223F15D1288771AB00333701 /* AyumuPrepared.mp4 */; };
		223F15D52888334900333701 /* GameKit.framework in Frameworks */ = {isa = PBXBuildFile; fileRef = 223F15D42888334900333701 /* GameKit.framework */; };
		226E5CEE285C8FDF0022BB3A /* MessagesView.swift in Sources */ = {isa = PBXBuildFile; fileRef = 226E5CED285C8FC20022BB3A /* MessagesView.swift */; };
		227DF99C2861B7E1003EA6BC /* WelcomeScreen.swift in Sources */ = {isa = PBXBuildFile; fileRef = 227DF99B2861B7E1003EA6BC /* WelcomeScreen.swift */; };
		22A4BB7A2874EC9500FFFAE4 /* SplashScreen.swift in Sources */ = {isa = PBXBuildFile; fileRef = 22A4BB792874EC9500FFFAE4 /* SplashScreen.swift */; };
		22A4BB7C2874F02D00FFFAE4 /* Extensions.swift in Sources */ = {isa = PBXBuildFile; fileRef = 22A4BB7B2874F02D00FFFAE4 /* Extensions.swift */; };
		22A4BB7E2874F68F00FFFAE4 /* TimeStack.swift in Sources */ = {isa = PBXBuildFile; fileRef = 22A4BB7D2874F68F00FFFAE4 /* TimeStack.swift */; };
		22A4BB8028763BFE00FFFAE4 /* SteppedShape.swift in Sources */ = {isa = PBXBuildFile; fileRef = 22A4BB7F28763BFE00FFFAE4 /* SteppedShape.swift */; };
		22A4BB82287AF54B00FFFAE4 /* TimedShape.swift in Sources */ = {isa = PBXBuildFile; fileRef = 22A4BB81287AF54B00FFFAE4 /* TimedShape.swift */; };
		22A4BB85287AF59600FFFAE4 /* TapStack.swift in Sources */ = {isa = PBXBuildFile; fileRef = 22A4BB84287AF59600FFFAE4 /* TapStack.swift */; };
		22A4BB89287AF67A00FFFAE4 /* Aneem.swift in Sources */ = {isa = PBXBuildFile; fileRef = 22A4BB88287AF67A00FFFAE4 /* Aneem.swift */; };
		22A4BB8B287AF69600FFFAE4 /* AnimatedView.swift in Sources */ = {isa = PBXBuildFile; fileRef = 22A4BB8A287AF69600FFFAE4 /* AnimatedView.swift */; };
		22A4BB8D287AF6C400FFFAE4 /* Animators.swift in Sources */ = {isa = PBXBuildFile; fileRef = 22A4BB8C287AF6C400FFFAE4 /* Animators.swift */; };
		22A4BB8F287AFC3400FFFAE4 /* VideoClipView.swift in Sources */ = {isa = PBXBuildFile; fileRef = 22A4BB8E287AFC3400FFFAE4 /* VideoClipView.swift */; };
		22A4BB91287B1A4B00FFFAE4 /* AboutScreen.swift in Sources */ = {isa = PBXBuildFile; fileRef = 22A4BB90287B1A4B00FFFAE4 /* AboutScreen.swift */; };
/* End PBXBuildFile section */

/* Begin PBXFileReference section */
		22385BA9288BF9D9005C5B5A /* AppEnvironment.swift */ = {isa = PBXFileReference; lastKnownFileType = sourcecode.swift; path = AppEnvironment.swift; sourceTree = "<group>"; };
		22385BAB288D847A005C5B5A /* Sounds.swift */ = {isa = PBXFileReference; lastKnownFileType = sourcecode.swift; path = Sounds.swift; sourceTree = "<group>"; };
		22385BAF288DB90E005C5B5A /* banana_up.mp3 */ = {isa = PBXFileReference; lastKnownFileType = audio.mp3; path = banana_up.mp3; sourceTree = "<group>"; };
		22385BB0288DB90E005C5B5A /* unlock.mp3 */ = {isa = PBXFileReference; lastKnownFileType = audio.mp3; path = unlock.mp3; sourceTree = "<group>"; };
		22385BB1288DB90E005C5B5A /* select_a_button.mp3 */ = {isa = PBXFileReference; lastKnownFileType = audio.mp3; path = select_a_button.mp3; sourceTree = "<group>"; };
		22385BB2288DB90E005C5B5A /* screen_swipe.mp3 */ = {isa = PBXFileReference; lastKnownFileType = audio.mp3; path = screen_swipe.mp3; sourceTree = "<group>"; };
		22385BB3288DB90E005C5B5A /* success_button.mp3 */ = {isa = PBXFileReference; lastKnownFileType = audio.mp3; path = success_button.mp3; sourceTree = "<group>"; };
		22385BB4288DB90E005C5B5A /* banana_down.mp3 */ = {isa = PBXFileReference; lastKnownFileType = audio.mp3; path = banana_down.mp3; sourceTree = "<group>"; };
		22385BB5288DB90E005C5B5A /* game_win.mp3 */ = {isa = PBXFileReference; lastKnownFileType = audio.mp3; path = game_win.mp3; sourceTree = "<group>"; };
		223BEB47284D580D0053E5A8 /* Shared.xcdatamodel */ = {isa = PBXFileReference; lastKnownFileType = wrapper.xcdatamodel; path = Shared.xcdatamodel; sourceTree = "<group>"; };
		223BEB48284D580D0053E5A8 /* GreatApeGameApp.swift */ = {isa = PBXFileReference; lastKnownFileType = sourcecode.swift; path = GreatApeGameApp.swift; sourceTree = "<group>"; };
		223BEB49284D580D0053E5A8 /* ContentView.swift */ = {isa = PBXFileReference; lastKnownFileType = sourcecode.swift; path = ContentView.swift; sourceTree = "<group>"; };
		223BEB4A284D580D0053E5A8 /* Persistence.swift */ = {isa = PBXFileReference; lastKnownFileType = sourcecode.swift; path = Persistence.swift; sourceTree = "<group>"; };
		223BEB4B284D58100053E5A8 /* Assets.xcassets */ = {isa = PBXFileReference; lastKnownFileType = folder.assetcatalog; path = Assets.xcassets; sourceTree = "<group>"; };
		223BEB50284D58100053E5A8 /* GreatApeGame.app */ = {isa = PBXFileReference; explicitFileType = wrapper.application; includeInIndex = 0; path = GreatApeGame.app; sourceTree = BUILT_PRODUCTS_DIR; };
		223BEB6B284D5AB20053E5A8 /* ScoreView.swift */ = {isa = PBXFileReference; fileEncoding = 4; lastKnownFileType = sourcecode.swift; path = ScoreView.swift; sourceTree = "<group>"; };
		223BEB6C284D5AB20053E5A8 /* GeometryExtensions.swift */ = {isa = PBXFileReference; fileEncoding = 4; lastKnownFileType = sourcecode.swift; path = GeometryExtensions.swift; sourceTree = "<group>"; };
		223BEB6D284D5AB20053E5A8 /* ReadyScreen.swift */ = {isa = PBXFileReference; fileEncoding = 4; lastKnownFileType = sourcecode.swift; path = ReadyScreen.swift; sourceTree = "<group>"; };
		223BEB6E284D5AB20053E5A8 /* MainView.swift */ = {isa = PBXFileReference; fileEncoding = 4; lastKnownFileType = sourcecode.swift; path = MainView.swift; sourceTree = "<group>"; };
		223BEB6F284D5AB20053E5A8 /* Scoreboard.swift */ = {isa = PBXFileReference; fileEncoding = 4; lastKnownFileType = sourcecode.swift; path = Scoreboard.swift; sourceTree = "<group>"; };
		223BEB70284D5AB20053E5A8 /* HelperViews.swift */ = {isa = PBXFileReference; fileEncoding = 4; lastKnownFileType = sourcecode.swift; path = HelperViews.swift; sourceTree = "<group>"; };
		223BEB71284D5AB20053E5A8 /* PlayScreen.swift */ = {isa = PBXFileReference; fileEncoding = 4; lastKnownFileType = sourcecode.swift; path = PlayScreen.swift; sourceTree = "<group>"; };
		223BEB80284D5B0B0053E5A8 /* Menu.swift */ = {isa = PBXFileReference; fileEncoding = 4; lastKnownFileType = sourcecode.swift; path = Menu.swift; sourceTree = "<group>"; };
		223BEB81284D5B0B0053E5A8 /* Models.swift */ = {isa = PBXFileReference; fileEncoding = 4; lastKnownFileType = sourcecode.swift; path = Models.swift; sourceTree = "<group>"; };
		223BEB82284D5B0B0053E5A8 /* Store.swift */ = {isa = PBXFileReference; fileEncoding = 4; lastKnownFileType = sourcecode.swift; path = Store.swift; sourceTree = "<group>"; };
		223BEB86284D5EDA0053E5A8 /* GreatApeGame--iOS--Info.plist */ = {isa = PBXFileReference; lastKnownFileType = text.plist; path = "GreatApeGame--iOS--Info.plist"; sourceTree = "<group>"; };
		223F15D1288771AB00333701 /* AyumuPrepared.mp4 */ = {isa = PBXFileReference; lastKnownFileType = file; path = AyumuPrepared.mp4; sourceTree = "<group>"; };
		223F15D42888334900333701 /* GameKit.framework */ = {isa = PBXFileReference; lastKnownFileType = wrapper.framework; name = GameKit.framework; path = Platforms/iPhoneOS.platform/Developer/SDKs/iPhoneOS15.5.sdk/System/Library/Frameworks/GameKit.framework; sourceTree = DEVELOPER_DIR; };
		226E5CED285C8FC20022BB3A /* MessagesView.swift */ = {isa = PBXFileReference; lastKnownFileType = sourcecode.swift; path = MessagesView.swift; sourceTree = "<group>"; };
		227DF99B2861B7E1003EA6BC /* WelcomeScreen.swift */ = {isa = PBXFileReference; lastKnownFileType = sourcecode.swift; path = WelcomeScreen.swift; sourceTree = "<group>"; };
		22A4BB792874EC9500FFFAE4 /* SplashScreen.swift */ = {isa = PBXFileReference; lastKnownFileType = sourcecode.swift; path = SplashScreen.swift; sourceTree = "<group>"; };
		22A4BB7B2874F02D00FFFAE4 /* Extensions.swift */ = {isa = PBXFileReference; lastKnownFileType = sourcecode.swift; path = Extensions.swift; sourceTree = "<group>"; };
		22A4BB7D2874F68F00FFFAE4 /* TimeStack.swift */ = {isa = PBXFileReference; lastKnownFileType = sourcecode.swift; path = TimeStack.swift; sourceTree = "<group>"; };
		22A4BB7F28763BFE00FFFAE4 /* SteppedShape.swift */ = {isa = PBXFileReference; lastKnownFileType = sourcecode.swift; path = SteppedShape.swift; sourceTree = "<group>"; };
		22A4BB81287AF54B00FFFAE4 /* TimedShape.swift */ = {isa = PBXFileReference; lastKnownFileType = sourcecode.swift; path = TimedShape.swift; sourceTree = "<group>"; };
		22A4BB84287AF59600FFFAE4 /* TapStack.swift */ = {isa = PBXFileReference; lastKnownFileType = sourcecode.swift; path = TapStack.swift; sourceTree = "<group>"; };
		22A4BB88287AF67A00FFFAE4 /* Aneem.swift */ = {isa = PBXFileReference; lastKnownFileType = sourcecode.swift; path = Aneem.swift; sourceTree = "<group>"; };
		22A4BB8A287AF69600FFFAE4 /* AnimatedView.swift */ = {isa = PBXFileReference; lastKnownFileType = sourcecode.swift; path = AnimatedView.swift; sourceTree = "<group>"; };
		22A4BB8C287AF6C400FFFAE4 /* Animators.swift */ = {isa = PBXFileReference; lastKnownFileType = sourcecode.swift; path = Animators.swift; sourceTree = "<group>"; };
		22A4BB8E287AFC3400FFFAE4 /* VideoClipView.swift */ = {isa = PBXFileReference; lastKnownFileType = sourcecode.swift; path = VideoClipView.swift; sourceTree = "<group>"; };
		22A4BB90287B1A4B00FFFAE4 /* AboutScreen.swift */ = {isa = PBXFileReference; lastKnownFileType = sourcecode.swift; path = AboutScreen.swift; sourceTree = "<group>"; };
/* End PBXFileReference section */

/* Begin PBXFrameworksBuildPhase section */
		223BEB4D284D58100053E5A8 /* Frameworks */ = {
			isa = PBXFrameworksBuildPhase;
			buildActionMask = 2147483647;
			files = (
				223F15D52888334900333701 /* GameKit.framework in Frameworks */,
			);
			runOnlyForDeploymentPostprocessing = 0;
		};
/* End PBXFrameworksBuildPhase section */

/* Begin PBXGroup section */
		22385BAD288DB617005C5B5A /* Sound */ = {
			isa = PBXGroup;
			children = (
				22385BAB288D847A005C5B5A /* Sounds.swift */,
				22385BAE288DB90E005C5B5A /* SoundEffects */,
			);
			path = Sound;
			sourceTree = "<group>";
		};
		22385BAE288DB90E005C5B5A /* SoundEffects */ = {
			isa = PBXGroup;
			children = (
				22385BAF288DB90E005C5B5A /* banana_up.mp3 */,
				22385BB0288DB90E005C5B5A /* unlock.mp3 */,
				22385BB1288DB90E005C5B5A /* select_a_button.mp3 */,
				22385BB2288DB90E005C5B5A /* screen_swipe.mp3 */,
				22385BB3288DB90E005C5B5A /* success_button.mp3 */,
				22385BB4288DB90E005C5B5A /* banana_down.mp3 */,
				22385BB5288DB90E005C5B5A /* game_win.mp3 */,
			);
			path = SoundEffects;
			sourceTree = "<group>";
		};
		223BEB40284D580D0053E5A8 = {
			isa = PBXGroup;
			children = (
				223BEB86284D5EDA0053E5A8 /* GreatApeGame--iOS--Info.plist */,
				223BEB45284D580D0053E5A8 /* Shared */,
				223BEB51284D58100053E5A8 /* Products */,
				223F15D32888334900333701 /* Frameworks */,
			);
			sourceTree = "<group>";
		};
		223BEB45284D580D0053E5A8 /* Shared */ = {
			isa = PBXGroup;
			children = (
				223BEB48284D580D0053E5A8 /* GreatApeGameApp.swift */,
				223BEB49284D580D0053E5A8 /* ContentView.swift */,
				223BEB6E284D5AB20053E5A8 /* MainView.swift */,
				22A4BB86287AF5F700FFFAE4 /* Screens */,
				223BEB6F284D5AB20053E5A8 /* Scoreboard.swift */,
				226E5CED285C8FC20022BB3A /* MessagesView.swift */,
				22A4BB90287B1A4B00FFFAE4 /* AboutScreen.swift */,
				223BEB6B284D5AB20053E5A8 /* ScoreView.swift */,
				223BEB80284D5B0B0053E5A8 /* Menu.swift */,
				22A4BB8E287AFC3400FFFAE4 /* VideoClipView.swift */,
				223BEB70284D5AB20053E5A8 /* HelperViews.swift */,
				22A4BB7B2874F02D00FFFAE4 /* Extensions.swift */,
				223BEB6C284D5AB20053E5A8 /* GeometryExtensions.swift */,
				223BEB4A284D580D0053E5A8 /* Persistence.swift */,
				22A4BB87287AF61F00FFFAE4 /* Architecture */,
				22A4BB83287AF56800FFFAE4 /* Aneem */,
				223BEB4B284D58100053E5A8 /* Assets.xcassets */,
				223BEB46284D580D0053E5A8 /* GreatApeGame.xcdatamodeld */,
				223F15D1288771AB00333701 /* AyumuPrepared.mp4 */,
				22385BAD288DB617005C5B5A /* Sound */,
			);
			path = Shared;
			sourceTree = "<group>";
		};
		223BEB51284D58100053E5A8 /* Products */ = {
			isa = PBXGroup;
			children = (
				223BEB50284D58100053E5A8 /* GreatApeGame.app */,
			);
			name = Products;
			sourceTree = "<group>";
		};
		223F15D32888334900333701 /* Frameworks */ = {
			isa = PBXGroup;
			children = (
				223F15D42888334900333701 /* GameKit.framework */,
			);
			name = Frameworks;
			sourceTree = "<group>";
		};
		22A4BB83287AF56800FFFAE4 /* Aneem */ = {
			isa = PBXGroup;
			children = (
				22A4BB88287AF67A00FFFAE4 /* Aneem.swift */,
				22A4BB7D2874F68F00FFFAE4 /* TimeStack.swift */,
				22A4BB84287AF59600FFFAE4 /* TapStack.swift */,
				22A4BB8C287AF6C400FFFAE4 /* Animators.swift */,
				22A4BB8A287AF69600FFFAE4 /* AnimatedView.swift */,
				22A4BB7F28763BFE00FFFAE4 /* SteppedShape.swift */,
				22A4BB81287AF54B00FFFAE4 /* TimedShape.swift */,
			);
			path = Aneem;
			sourceTree = "<group>";
		};
		22A4BB86287AF5F700FFFAE4 /* Screens */ = {
			isa = PBXGroup;
			children = (
				22A4BB792874EC9500FFFAE4 /* SplashScreen.swift */,
				227DF99B2861B7E1003EA6BC /* WelcomeScreen.swift */,
				223BEB6D284D5AB20053E5A8 /* ReadyScreen.swift */,
				223BEB71284D5AB20053E5A8 /* PlayScreen.swift */,
			);
			path = Screens;
			sourceTree = "<group>";
		};
		22A4BB87287AF61F00FFFAE4 /* Architecture */ = {
			isa = PBXGroup;
			children = (
				223BEB82284D5B0B0053E5A8 /* Store.swift */,
				22385BA9288BF9D9005C5B5A /* AppEnvironment.swift */,
				223BEB81284D5B0B0053E5A8 /* Models.swift */,
			);
			path = Architecture;
			sourceTree = "<group>";
		};
/* End PBXGroup section */

/* Begin PBXNativeTarget section */
		223BEB4F284D58100053E5A8 /* GreatApeGame (iOS) */ = {
			isa = PBXNativeTarget;
			buildConfigurationList = 223BEB65284D58100053E5A8 /* Build configuration list for PBXNativeTarget "GreatApeGame (iOS)" */;
			buildPhases = (
				223BEB4C284D58100053E5A8 /* Sources */,
				223BEB4D284D58100053E5A8 /* Frameworks */,
				223BEB4E284D58100053E5A8 /* Resources */,
			);
			buildRules = (
			);
			dependencies = (
			);
			name = "GreatApeGame (iOS)";
			productName = "GreatApeGame (iOS)";
			productReference = 223BEB50284D58100053E5A8 /* GreatApeGame.app */;
			productType = "com.apple.product-type.application";
		};
/* End PBXNativeTarget section */

/* Begin PBXProject section */
		223BEB41284D580D0053E5A8 /* Project object */ = {
			isa = PBXProject;
			attributes = {
				BuildIndependentTargetsInParallel = 1;
				LastSwiftUpdateCheck = 1340;
				LastUpgradeCheck = 1340;
				TargetAttributes = {
					223BEB4F284D58100053E5A8 = {
						CreatedOnToolsVersion = 13.4.1;
					};
				};
			};
			buildConfigurationList = 223BEB44284D580D0053E5A8 /* Build configuration list for PBXProject "GreatApeGame" */;
			compatibilityVersion = "Xcode 13.0";
			developmentRegion = en;
			hasScannedForEncodings = 0;
			knownRegions = (
				en,
				Base,
			);
			mainGroup = 223BEB40284D580D0053E5A8;
			productRefGroup = 223BEB51284D58100053E5A8 /* Products */;
			projectDirPath = "";
			projectRoot = "";
			targets = (
				223BEB4F284D58100053E5A8 /* GreatApeGame (iOS) */,
			);
		};
/* End PBXProject section */

/* Begin PBXResourcesBuildPhase section */
		223BEB4E284D58100053E5A8 /* Resources */ = {
			isa = PBXResourcesBuildPhase;
			buildActionMask = 2147483647;
			files = (
				22385BBC288DB90E005C5B5A /* game_win.mp3 in Resources */,
				22385BBA288DB90E005C5B5A /* success_button.mp3 in Resources */,
				22385BB7288DB90E005C5B5A /* unlock.mp3 in Resources */,
				22385BB6288DB90E005C5B5A /* banana_up.mp3 in Resources */,
				223F15D2288771AB00333701 /* AyumuPrepared.mp4 in Resources */,
				223BEB61284D58100053E5A8 /* Assets.xcassets in Resources */,
				22385BBB288DB90E005C5B5A /* banana_down.mp3 in Resources */,
				22385BB8288DB90E005C5B5A /* select_a_button.mp3 in Resources */,
				22385BB9288DB90E005C5B5A /* screen_swipe.mp3 in Resources */,
			);
			runOnlyForDeploymentPostprocessing = 0;
		};
/* End PBXResourcesBuildPhase section */

/* Begin PBXSourcesBuildPhase section */
		223BEB4C284D58100053E5A8 /* Sources */ = {
			isa = PBXSourcesBuildPhase;
			buildActionMask = 2147483647;
			files = (
				223BEB7A284D5AB20053E5A8 /* Scoreboard.swift in Sources */,
				22A4BB7C2874F02D00FFFAE4 /* Extensions.swift in Sources */,
				223BEB84284D5B0B0053E5A8 /* Models.swift in Sources */,
				223BEB5B284D58100053E5A8 /* GreatApeGameApp.swift in Sources */,
				227DF99C2861B7E1003EA6BC /* WelcomeScreen.swift in Sources */,
				223BEB78284D5AB20053E5A8 /* MainView.swift in Sources */,
				223BEB5F284D58100053E5A8 /* Persistence.swift in Sources */,
				226E5CEE285C8FDF0022BB3A /* MessagesView.swift in Sources */,
				22A4BB85287AF59600FFFAE4 /* TapStack.swift in Sources */,
				223BEB59284D58100053E5A8 /* GreatApeGame.xcdatamodeld in Sources */,
				22A4BB8D287AF6C400FFFAE4 /* Animators.swift in Sources */,
				223BEB5D284D58100053E5A8 /* ContentView.swift in Sources */,
				22A4BB7A2874EC9500FFFAE4 /* SplashScreen.swift in Sources */,
				223BEB85284D5B0B0053E5A8 /* Store.swift in Sources */,
				22385BAC288D847A005C5B5A /* Sounds.swift in Sources */,
				223BEB83284D5B0B0053E5A8 /* Menu.swift in Sources */,
				223BEB72284D5AB20053E5A8 /* ScoreView.swift in Sources */,
				22A4BB8F287AFC3400FFFAE4 /* VideoClipView.swift in Sources */,
				22A4BB89287AF67A00FFFAE4 /* Aneem.swift in Sources */,
				223BEB76284D5AB20053E5A8 /* ReadyScreen.swift in Sources */,
				223BEB7C284D5AB20053E5A8 /* HelperViews.swift in Sources */,
				223BEB74284D5AB20053E5A8 /* GeometryExtensions.swift in Sources */,
				22385BAA288BF9D9005C5B5A /* AppEnvironment.swift in Sources */,
				22A4BB8B287AF69600FFFAE4 /* AnimatedView.swift in Sources */,
				22A4BB91287B1A4B00FFFAE4 /* AboutScreen.swift in Sources */,
				22A4BB7E2874F68F00FFFAE4 /* TimeStack.swift in Sources */,
				22A4BB8028763BFE00FFFAE4 /* SteppedShape.swift in Sources */,
				22A4BB82287AF54B00FFFAE4 /* TimedShape.swift in Sources */,
				223BEB7E284D5AB20053E5A8 /* PlayScreen.swift in Sources */,
			);
			runOnlyForDeploymentPostprocessing = 0;
		};
/* End PBXSourcesBuildPhase section */

/* Begin XCBuildConfiguration section */
		223BEB63284D58100053E5A8 /* Debug */ = {
			isa = XCBuildConfiguration;
			buildSettings = {
				ALWAYS_SEARCH_USER_PATHS = NO;
				CLANG_ANALYZER_NONNULL = YES;
				CLANG_ANALYZER_NUMBER_OBJECT_CONVERSION = YES_AGGRESSIVE;
				CLANG_CXX_LANGUAGE_STANDARD = "gnu++17";
				CLANG_ENABLE_MODULES = YES;
				CLANG_ENABLE_OBJC_ARC = YES;
				CLANG_ENABLE_OBJC_WEAK = YES;
				CLANG_WARN_BLOCK_CAPTURE_AUTORELEASING = YES;
				CLANG_WARN_BOOL_CONVERSION = YES;
				CLANG_WARN_COMMA = YES;
				CLANG_WARN_CONSTANT_CONVERSION = YES;
				CLANG_WARN_DEPRECATED_OBJC_IMPLEMENTATIONS = YES;
				CLANG_WARN_DIRECT_OBJC_ISA_USAGE = YES_ERROR;
				CLANG_WARN_DOCUMENTATION_COMMENTS = YES;
				CLANG_WARN_EMPTY_BODY = YES;
				CLANG_WARN_ENUM_CONVERSION = YES;
				CLANG_WARN_INFINITE_RECURSION = YES;
				CLANG_WARN_INT_CONVERSION = YES;
				CLANG_WARN_NON_LITERAL_NULL_CONVERSION = YES;
				CLANG_WARN_OBJC_IMPLICIT_RETAIN_SELF = YES;
				CLANG_WARN_OBJC_LITERAL_CONVERSION = YES;
				CLANG_WARN_OBJC_ROOT_CLASS = YES_ERROR;
				CLANG_WARN_QUOTED_INCLUDE_IN_FRAMEWORK_HEADER = YES;
				CLANG_WARN_RANGE_LOOP_ANALYSIS = YES;
				CLANG_WARN_STRICT_PROTOTYPES = YES;
				CLANG_WARN_SUSPICIOUS_MOVE = YES;
				CLANG_WARN_UNGUARDED_AVAILABILITY = YES_AGGRESSIVE;
				CLANG_WARN_UNREACHABLE_CODE = YES;
				CLANG_WARN__DUPLICATE_METHOD_MATCH = YES;
				COPY_PHASE_STRIP = NO;
				DEBUG_INFORMATION_FORMAT = dwarf;
				ENABLE_STRICT_OBJC_MSGSEND = YES;
				ENABLE_TESTABILITY = YES;
				GCC_C_LANGUAGE_STANDARD = gnu11;
				GCC_DYNAMIC_NO_PIC = NO;
				GCC_NO_COMMON_BLOCKS = YES;
				GCC_OPTIMIZATION_LEVEL = 0;
				GCC_PREPROCESSOR_DEFINITIONS = (
					"DEBUG=1",
					"$(inherited)",
				);
				GCC_WARN_64_TO_32_BIT_CONVERSION = YES;
				GCC_WARN_ABOUT_RETURN_TYPE = YES_ERROR;
				GCC_WARN_UNDECLARED_SELECTOR = YES;
				GCC_WARN_UNINITIALIZED_AUTOS = YES_AGGRESSIVE;
				GCC_WARN_UNUSED_FUNCTION = YES;
				GCC_WARN_UNUSED_VARIABLE = YES;
				MTL_ENABLE_DEBUG_INFO = INCLUDE_SOURCE;
				MTL_FAST_MATH = YES;
				ONLY_ACTIVE_ARCH = YES;
				SWIFT_ACTIVE_COMPILATION_CONDITIONS = DEBUG;
				SWIFT_OPTIMIZATION_LEVEL = "-Onone";
			};
			name = Debug;
		};
		223BEB64284D58100053E5A8 /* Release */ = {
			isa = XCBuildConfiguration;
			buildSettings = {
				ALWAYS_SEARCH_USER_PATHS = NO;
				CLANG_ANALYZER_NONNULL = YES;
				CLANG_ANALYZER_NUMBER_OBJECT_CONVERSION = YES_AGGRESSIVE;
				CLANG_CXX_LANGUAGE_STANDARD = "gnu++17";
				CLANG_ENABLE_MODULES = YES;
				CLANG_ENABLE_OBJC_ARC = YES;
				CLANG_ENABLE_OBJC_WEAK = YES;
				CLANG_WARN_BLOCK_CAPTURE_AUTORELEASING = YES;
				CLANG_WARN_BOOL_CONVERSION = YES;
				CLANG_WARN_COMMA = YES;
				CLANG_WARN_CONSTANT_CONVERSION = YES;
				CLANG_WARN_DEPRECATED_OBJC_IMPLEMENTATIONS = YES;
				CLANG_WARN_DIRECT_OBJC_ISA_USAGE = YES_ERROR;
				CLANG_WARN_DOCUMENTATION_COMMENTS = YES;
				CLANG_WARN_EMPTY_BODY = YES;
				CLANG_WARN_ENUM_CONVERSION = YES;
				CLANG_WARN_INFINITE_RECURSION = YES;
				CLANG_WARN_INT_CONVERSION = YES;
				CLANG_WARN_NON_LITERAL_NULL_CONVERSION = YES;
				CLANG_WARN_OBJC_IMPLICIT_RETAIN_SELF = YES;
				CLANG_WARN_OBJC_LITERAL_CONVERSION = YES;
				CLANG_WARN_OBJC_ROOT_CLASS = YES_ERROR;
				CLANG_WARN_QUOTED_INCLUDE_IN_FRAMEWORK_HEADER = YES;
				CLANG_WARN_RANGE_LOOP_ANALYSIS = YES;
				CLANG_WARN_STRICT_PROTOTYPES = YES;
				CLANG_WARN_SUSPICIOUS_MOVE = YES;
				CLANG_WARN_UNGUARDED_AVAILABILITY = YES_AGGRESSIVE;
				CLANG_WARN_UNREACHABLE_CODE = YES;
				CLANG_WARN__DUPLICATE_METHOD_MATCH = YES;
				COPY_PHASE_STRIP = NO;
				DEBUG_INFORMATION_FORMAT = "dwarf-with-dsym";
				ENABLE_NS_ASSERTIONS = NO;
				ENABLE_STRICT_OBJC_MSGSEND = YES;
				GCC_C_LANGUAGE_STANDARD = gnu11;
				GCC_NO_COMMON_BLOCKS = YES;
				GCC_WARN_64_TO_32_BIT_CONVERSION = YES;
				GCC_WARN_ABOUT_RETURN_TYPE = YES_ERROR;
				GCC_WARN_UNDECLARED_SELECTOR = YES;
				GCC_WARN_UNINITIALIZED_AUTOS = YES_AGGRESSIVE;
				GCC_WARN_UNUSED_FUNCTION = YES;
				GCC_WARN_UNUSED_VARIABLE = YES;
				MTL_ENABLE_DEBUG_INFO = NO;
				MTL_FAST_MATH = YES;
				SWIFT_COMPILATION_MODE = wholemodule;
				SWIFT_OPTIMIZATION_LEVEL = "-O";
			};
			name = Release;
		};
		223BEB66284D58100053E5A8 /* Debug */ = {
			isa = XCBuildConfiguration;
			buildSettings = {
				ASSETCATALOG_COMPILER_APPICON_NAME = AppIcon;
				ASSETCATALOG_COMPILER_GLOBAL_ACCENT_COLOR_NAME = AccentColor;
				CODE_SIGN_STYLE = Automatic;
				CURRENT_PROJECT_VERSION = 1;
				DEVELOPMENT_TEAM = FCKFZCVFD6;
				ENABLE_PREVIEWS = YES;
				GENERATE_INFOPLIST_FILE = YES;
				INFOPLIST_FILE = "GreatApeGame--iOS--Info.plist";
				INFOPLIST_KEY_UIApplicationSupportsIndirectInputEvents = YES;
				INFOPLIST_KEY_UILaunchScreen_Generation = YES;
				INFOPLIST_KEY_UIRequiredDeviceCapabilities = gamekit;
				INFOPLIST_KEY_UISupportedInterfaceOrientations = "UIInterfaceOrientationLandscapeLeft UIInterfaceOrientationLandscapeRight";
				INFOPLIST_KEY_UISupportedInterfaceOrientations_iPad = "UIInterfaceOrientationPortrait UIInterfaceOrientationPortraitUpsideDown UIInterfaceOrientationLandscapeLeft UIInterfaceOrientationLandscapeRight";
				INFOPLIST_KEY_UISupportedInterfaceOrientations_iPhone = "UIInterfaceOrientationLandscapeLeft UIInterfaceOrientationLandscapeRight";
				IPHONEOS_DEPLOYMENT_TARGET = 15.5;
				LD_RUNPATH_SEARCH_PATHS = (
					"$(inherited)",
					"@executable_path/Frameworks",
				);
				MARKETING_VERSION = 2.0;
				PRODUCT_BUNDLE_IDENTIFIER = me.unfair.GreatApeGame;
				PRODUCT_NAME = GreatApeGame;
				SDKROOT = iphoneos;
				SWIFT_EMIT_LOC_STRINGS = YES;
				SWIFT_VERSION = 5.0;
				TARGETED_DEVICE_FAMILY = "1,2";
			};
			name = Debug;
		};
		223BEB67284D58100053E5A8 /* Release */ = {
			isa = XCBuildConfiguration;
			buildSettings = {
				ASSETCATALOG_COMPILER_APPICON_NAME = AppIcon;
				ASSETCATALOG_COMPILER_GLOBAL_ACCENT_COLOR_NAME = AccentColor;
				CODE_SIGN_STYLE = Automatic;
				CURRENT_PROJECT_VERSION = 1;
				DEVELOPMENT_TEAM = FCKFZCVFD6;
				ENABLE_PREVIEWS = YES;
				GENERATE_INFOPLIST_FILE = YES;
				INFOPLIST_FILE = "GreatApeGame--iOS--Info.plist";
				INFOPLIST_KEY_UIApplicationSupportsIndirectInputEvents = YES;
				INFOPLIST_KEY_UILaunchScreen_Generation = YES;
				INFOPLIST_KEY_UIRequiredDeviceCapabilities = gamekit;
				INFOPLIST_KEY_UISupportedInterfaceOrientations = "UIInterfaceOrientationLandscapeLeft UIInterfaceOrientationLandscapeRight";
				INFOPLIST_KEY_UISupportedInterfaceOrientations_iPad = "UIInterfaceOrientationPortrait UIInterfaceOrientationPortraitUpsideDown UIInterfaceOrientationLandscapeLeft UIInterfaceOrientationLandscapeRight";
				INFOPLIST_KEY_UISupportedInterfaceOrientations_iPhone = "UIInterfaceOrientationLandscapeLeft UIInterfaceOrientationLandscapeRight";
				IPHONEOS_DEPLOYMENT_TARGET = 15.5;
				LD_RUNPATH_SEARCH_PATHS = (
					"$(inherited)",
					"@executable_path/Frameworks",
				);
				MARKETING_VERSION = 2.0;
				PRODUCT_BUNDLE_IDENTIFIER = me.unfair.GreatApeGame;
				PRODUCT_NAME = GreatApeGame;
				SDKROOT = iphoneos;
				SWIFT_EMIT_LOC_STRINGS = YES;
				SWIFT_VERSION = 5.0;
				TARGETED_DEVICE_FAMILY = "1,2";
				VALIDATE_PRODUCT = YES;
			};
			name = Release;
		};
/* End XCBuildConfiguration section */

/* Begin XCConfigurationList section */
		223BEB44284D580D0053E5A8 /* Build configuration list for PBXProject "GreatApeGame" */ = {
			isa = XCConfigurationList;
			buildConfigurations = (
				223BEB63284D58100053E5A8 /* Debug */,
				223BEB64284D58100053E5A8 /* Release */,
			);
			defaultConfigurationIsVisible = 0;
			defaultConfigurationName = Release;
		};
		223BEB65284D58100053E5A8 /* Build configuration list for PBXNativeTarget "GreatApeGame (iOS)" */ = {
			isa = XCConfigurationList;
			buildConfigurations = (
				223BEB66284D58100053E5A8 /* Debug */,
				223BEB67284D58100053E5A8 /* Release */,
			);
			defaultConfigurationIsVisible = 0;
			defaultConfigurationName = Release;
		};
/* End XCConfigurationList section */

/* Begin XCVersionGroup section */
		223BEB46284D580D0053E5A8 /* GreatApeGame.xcdatamodeld */ = {
			isa = XCVersionGroup;
			children = (
				223BEB47284D580D0053E5A8 /* Shared.xcdatamodel */,
			);
			currentVersion = 223BEB47284D580D0053E5A8 /* Shared.xcdatamodel */;
			path = GreatApeGame.xcdatamodeld;
			sourceTree = "<group>";
			versionGroupType = wrapper.xcdatamodel;
		};
/* End XCVersionGroup section */
	};
	rootObject = 223BEB41284D580D0053E5A8 /* Project object */;
}
